# THIS IS AN AUTOGENERATED FILE. DO NOT EDIT THIS FILE DIRECTLY.
# yarn lockfile v1


clsx@^1.2.1:
  version "1.2.1"
  resolved "https://registry.yarnpkg.com/clsx/-/clsx-1.2.1.tgz#0ddc4a20a549b59c93a4116bb26f5294ca17dc12"
  integrity sha512-EcR6r5a8bj6pu3ycsa/E/cKVGuTgZJZdsyUYHOksG/UHIiKfjxzRxYJpyVBwYaQeOvghal9fcc4PidlgzugAQg==

emoji-picker-react@^4.5.2:
  version "4.5.2"
  resolved "https://registry.yarnpkg.com/emoji-picker-react/-/emoji-picker-react-4.5.2.tgz#74317db98099ea0e3d42719768efc7a227f152cd"
  integrity sha512-08v+yyFizoR9rEtLjuodTdlYQbkk0QWeKm6er0RQjks+b6Bfpw1UX9XheLcXreEAve7VVE7Tcu/kSAIm54V4zA==
  dependencies:
    clsx "^1.2.1"
